
Microsoft Visual Studio Solution File, Format Version 12.00
# Visual Studio Version 16
VisualStudioVersion = 16.0.31410.357
MinimumVisualStudioVersion = 10.0.40219.1
Project("{9A19103F-16F7-4668-BE54-9A1E7A4F7556}") = "WALKINDDEAD-history", "WALKINDDEAD-history.csproj", "{B9CEA338-8A7A-4012-BE89-B9FC9C9BBECA}"
EndProject
Global
	GlobalSection(SolutionConfigurationPlatforms) = preSolution
		Debug|Any CPU = Debug|Any CPU
		Release|Any CPU = Release|Any CPU
	EndGlobalSection
	GlobalSection(ProjectConfigurationPlatforms) = postSolution
		{B9CEA338-8A7A-4012-BE89-B9FC9C9BBECA}.Debug|Any CPU.ActiveCfg = Debug|Any CPU
		{B9CEA338-8A7A-4012-BE89-B9FC9C9BBECA}.Debug|Any CPU.Build.0 = Debug|Any CPU
		{B9CEA338-8A7A-4012-BE89-B9FC9C9BBECA}.Release|Any CPU.ActiveCfg = Release|Any CPU
		{B9CEA338-8A7A-4012-BE89-B9FC9C9BBECA}.Release|Any CPU.Build.0 = Release|Any CPU
	EndGlobalSection
	GlobalSection(SolutionProperties) = preSolution
		HideSolutionNode = FALSE
	EndGlobalSection
	GlobalSection(ExtensibilityGlobals) = postSolution
		SolutionGuid = {E147BA74-B4DB-4F6B-8187-7CE58DB92D81}
	EndGlobalSection
EndGlobal
